
Microsoft Visual Studio Solution File, Format Version 12.00
# Visual Studio Version 17
VisualStudioVersion = 17.6.33815.320
MinimumVisualStudioVersion = 10.0.40219.1
Project("{8BC9CEB8-8B4A-11D0-8D11-00A0C91BC942}") = "solver", "vs\solver\solver.vcxproj", "{0C306F9D-6F5F-4A7E-852A-6993111716F7}"
EndProject
Global
	GlobalSection(SolutionConfigurationPlatforms) = preSolution
		Debug|x64 = Debug|x64
		Release|x64 = Release|x64
	EndGlobalSection
	GlobalSection(ProjectConfigurationPlatforms) = postSolution
		{0C306F9D-6F5F-4A7E-852A-6993111716F7}.Debug|x64.ActiveCfg = Debug|x64
		{0C306F9D-6F5F-4A7E-852A-6993111716F7}.Debug|x64.Build.0 = Debug|x64
		{0C306F9D-6F5F-4A7E-852A-6993111716F7}.Release|x64.ActiveCfg = Release|x64
		{0C306F9D-6F5F-4A7E-852A-6993111716F7}.Release|x64.Build.0 = Release|x64
	EndGlobalSection
	GlobalSection(SolutionProperties) = preSolution
		HideSolutionNode = FALSE
	EndGlobalSection
	GlobalSection(ExtensibilityGlobals) = postSolution
		SolutionGuid = {91D045EA-E3DA-4529-998E-6288A888DF02}
	EndGlobalSection
EndGlobal
